
Microsoft Visual Studio Solution File, Format Version 12.00
# Visual Studio Version 16
VisualStudioVersion = 16.0.31019.35
MinimumVisualStudioVersion = 10.0.40219.1
Project("{FAE04EC0-301F-11D3-BF4B-00C04F79EFBC}") = "WinformRadioButtonAndCheckbox", "WinformRadioButtonAndCheckbox\WinformRadioButtonAndCheckbox.csproj", "{F792B8EA-11B8-40B6-9761-8443430071D4}"
EndProject
Global
	GlobalSection(SolutionConfigurationPlatforms) = preSolution
		Debug|Any CPU = Debug|Any CPU
		Release|Any CPU = Release|Any CPU
	EndGlobalSection
	GlobalSection(ProjectConfigurationPlatforms) = postSolution
		{F792B8EA-11B8-40B6-9761-8443430071D4}.Debug|Any CPU.ActiveCfg = Debug|Any CPU
		{F792B8EA-11B8-40B6-9761-8443430071D4}.Debug|Any CPU.Build.0 = Debug|Any CPU
		{F792B8EA-11B8-40B6-9761-8443430071D4}.Release|Any CPU.ActiveCfg = Release|Any CPU
		{F792B8EA-11B8-40B6-9761-8443430071D4}.Release|Any CPU.Build.0 = Release|Any CPU
	EndGlobalSection
	GlobalSection(SolutionProperties) = preSolution
		HideSolutionNode = FALSE
	EndGlobalSection
	GlobalSection(ExtensibilityGlobals) = postSolution
		SolutionGuid = {A863BAFB-08AC-44A1-8824-141F2743F930}
	EndGlobalSection
EndGlobal
